
Microsoft Visual Studio Solution File, Format Version 12.00
# Visual Studio Version 17
VisualStudioVersion = 17.12.35527.113
MinimumVisualStudioVersion = 10.0.40219.1
Project("{FAE04EC0-301F-11D3-BF4B-00C04F79EFBC}") = "Layouter", "Layouter.csproj", "{3A7A5DA1-AF62-4C79-9C3F-6EB3AB33976F}"
EndProject
Project("{FAE04EC0-301F-11D3-BF4B-00C04F79EFBC}") = "PluginEntry", "..\LayouterPlugins\PluginEntry\PluginEntry.csproj", "{28AA2B18-462F-56C8-3798-EA82E8F29CFA}"
EndProject
Global
	GlobalSection(SolutionConfigurationPlatforms) = preSolution
		Debug|Any CPU = Debug|Any CPU
		Release|Any CPU = Release|Any CPU
	EndGlobalSection
	GlobalSection(ProjectConfigurationPlatforms) = postSolution
		{3A7A5DA1-AF62-4C79-9C3F-6EB3AB33976F}.Debug|Any CPU.ActiveCfg = Debug|Any CPU
		{3A7A5DA1-AF62-4C79-9C3F-6EB3AB33976F}.Debug|Any CPU.Build.0 = Debug|Any CPU
		{3A7A5DA1-AF62-4C79-9C3F-6EB3AB33976F}.Release|Any CPU.ActiveCfg = Release|Any CPU
		{3A7A5DA1-AF62-4C79-9C3F-6EB3AB33976F}.Release|Any CPU.Build.0 = Release|Any CPU
		{28AA2B18-462F-56C8-3798-EA82E8F29CFA}.Debug|Any CPU.ActiveCfg = Debug|Any CPU
		{28AA2B18-462F-56C8-3798-EA82E8F29CFA}.Debug|Any CPU.Build.0 = Debug|Any CPU
		{28AA2B18-462F-56C8-3798-EA82E8F29CFA}.Release|Any CPU.ActiveCfg = Release|Any CPU
		{28AA2B18-462F-56C8-3798-EA82E8F29CFA}.Release|Any CPU.Build.0 = Release|Any CPU
	EndGlobalSection
	GlobalSection(SolutionProperties) = preSolution
		HideSolutionNode = FALSE
	EndGlobalSection
	GlobalSection(ExtensibilityGlobals) = postSolution
		SolutionGuid = {13A3B7AC-9122-4D16-85F9-CB1089E638D1}
	EndGlobalSection
EndGlobal
